
Microsoft Visual Studio Solution File, Format Version 12.00
# Visual Studio 15
Project("{FAE04EC0-301F-11D3-BF4B-00C04F79EFBC}") = "Assembly-CSharp", "Assembly-CSharp.csproj", "{8AE949B6-A74D-24A9-EC93-04B111EB7E87}"
EndProject
Project("{FAE04EC0-301F-11D3-BF4B-00C04F79EFBC}") = "Runtime", "Runtime.csproj", "{5A04BC00-3AC9-505B-88B6-CAF320042F2F}"
EndProject
Project("{FAE04EC0-301F-11D3-BF4B-00C04F79EFBC}") = "Editor", "Editor.csproj", "{70BD9857-87FC-BCC2-1C0E-48F878B097CD}"
EndProject
Global
	GlobalSection(SolutionConfigurationPlatforms) = preSolution
		Debug|Any CPU = Debug|Any CPU
		Release|Any CPU = Release|Any CPU
	EndGlobalSection
	GlobalSection(ProjectConfigurationPlatforms) = postSolution
		{8AE949B6-A74D-24A9-EC93-04B111EB7E87}.Debug|Any CPU.ActiveCfg = Debug|Any CPU
		{8AE949B6-A74D-24A9-EC93-04B111EB7E87}.Debug|Any CPU.Build.0 = Debug|Any CPU
		{8AE949B6-A74D-24A9-EC93-04B111EB7E87}.Release|Any CPU.ActiveCfg = Release|Any CPU
		{8AE949B6-A74D-24A9-EC93-04B111EB7E87}.Release|Any CPU.Build.0 = Release|Any CPU
		{5A04BC00-3AC9-505B-88B6-CAF320042F2F}.Debug|Any CPU.ActiveCfg = Debug|Any CPU
		{5A04BC00-3AC9-505B-88B6-CAF320042F2F}.Debug|Any CPU.Build.0 = Debug|Any CPU
		{5A04BC00-3AC9-505B-88B6-CAF320042F2F}.Release|Any CPU.ActiveCfg = Release|Any CPU
		{5A04BC00-3AC9-505B-88B6-CAF320042F2F}.Release|Any CPU.Build.0 = Release|Any CPU
		{70BD9857-87FC-BCC2-1C0E-48F878B097CD}.Debug|Any CPU.ActiveCfg = Debug|Any CPU
		{70BD9857-87FC-BCC2-1C0E-48F878B097CD}.Debug|Any CPU.Build.0 = Debug|Any CPU
		{70BD9857-87FC-BCC2-1C0E-48F878B097CD}.Release|Any CPU.ActiveCfg = Release|Any CPU
		{70BD9857-87FC-BCC2-1C0E-48F878B097CD}.Release|Any CPU.Build.0 = Release|Any CPU
	EndGlobalSection
	GlobalSection(SolutionProperties) = preSolution
		HideSolutionNode = FALSE
	EndGlobalSection
EndGlobal
